
Microsoft Visual Studio Solution File, Format Version 12.00
# Visual Studio Version 16
VisualStudioVersion = 16.0.32106.194
MinimumVisualStudioVersion = 10.0.40219.1
Project("{2150E333-8FDC-42A3-9474-1A3956D46DE8}") = "6.1. Nested Loops", "6.1. Nested Loops", "{AEE9632C-2705-4CEB-B23F-78D02634235E}"
EndProject
Project("{2150E333-8FDC-42A3-9474-1A3956D46DE8}") = "5.1. Loops", "5.1. Loops", "{217DF12C-D2C7-45C5-995B-3DCA97EF28EA}"
EndProject
Project("{FAE04EC0-301F-11D3-BF4B-00C04F79EFBC}") = "Equal Pairs", "Equal Pairs\Equal Pairs.csproj", "{1D253CE9-E868-47EF-881A-22DAD96B4D5F}"
EndProject
Project("{FAE04EC0-301F-11D3-BF4B-00C04F79EFBC}") = "Histogram", "Histogram\Histogram.csproj", "{2946742E-5064-4190-BC8F-148714D92695}"
EndProject
Project("{FAE04EC0-301F-11D3-BF4B-00C04F79EFBC}") = "Draw Stop Sign", "Draw Stop Sign\Draw Stop Sign.csproj", "{AC1AC212-41E3-4892-89DA-35A8453AF0FB}"
EndProject
Project("{FAE04EC0-301F-11D3-BF4B-00C04F79EFBC}") = "Draw Arrow", "Draw Arrow\Draw Arrow.csproj", "{FDA02CBF-CFCF-4031-B0E8-A2A9ED7358A1}"
EndProject
Project("{FAE04EC0-301F-11D3-BF4B-00C04F79EFBC}") = "Draw Diamond", "Draw Diamond\Draw Diamond.csproj", "{E524F69D-51E3-41D0-917B-4AC09EF3AA38}"
EndProject
Project("{FAE04EC0-301F-11D3-BF4B-00C04F79EFBC}") = "Draw Diamond 2.0", "Draw Diamond 2.0\Draw Diamond 2.0.csproj", "{18F56401-5FD6-4873-BDFA-391B1BC18494}"
EndProject
Project("{FAE04EC0-301F-11D3-BF4B-00C04F79EFBC}") = "Draw Christmas Tree", "Draw Christmas Tree\Draw Christmas Tree.csproj", "{ACD8F533-0536-4B6B-89AD-81F8B8195C29}"
EndProject
Project("{FAE04EC0-301F-11D3-BF4B-00C04F79EFBC}") = "Draw Sunglasses", "Draw Sunglasses\Draw Sunglasses.csproj", "{522962B8-6EC6-4279-A54D-050C84AA2A8A}"
EndProject
Project("{2150E333-8FDC-42A3-9474-1A3956D46DE8}") = "7.1. Complex Loops", "7.1. Complex Loops", "{A6FD3DDC-7299-4F15-9B2E-959228619AB6}"
EndProject
Project("{FAE04EC0-301F-11D3-BF4B-00C04F79EFBC}") = "Enter Even Number", "Enter Even Number\Enter Even Number.csproj", "{AF3B8788-CEAF-4CD3-ACE4-0762A8ADA043}"
EndProject
Project("{FAE04EC0-301F-11D3-BF4B-00C04F79EFBC}") = "Fibonacci", "Fibonacci\Fibonacci.csproj", "{EF0BF978-B015-49A3-A308-A724BC077018}"
EndProject
Project("{FAE04EC0-301F-11D3-BF4B-00C04F79EFBC}") = "Number Pyramid", "Number Pyramid\Number Pyramid.csproj", "{861815F1-B431-43C6-96BB-4AB4CF93A64E}"
EndProject
Project("{2150E333-8FDC-42A3-9474-1A3956D46DE8}") = "7.2. Complex Loops Exam Problems", "7.2. Complex Loops Exam Problems", "{E25AAF30-49CC-4BE0-9B57-853E2517F52E}"
EndProject
Project("{FAE04EC0-301F-11D3-BF4B-00C04F79EFBC}") = "Stupid Password Generator", "Stupid Password Generator\Stupid Password Generator.csproj", "{E0C4D70F-1977-4C77-AC05-5C4ADA6227A5}"
EndProject
Project("{FAE04EC0-301F-11D3-BF4B-00C04F79EFBC}") = "Magic Combination", "Magic Combination\Magic Combination.csproj", "{3A7D7A71-1FC1-4E93-95C1-F2CE9AE2269A}"
EndProject
Project("{2150E333-8FDC-42A3-9474-1A3956D46DE8}") = "8.1. Exam Preparation - Part I", "8.1. Exam Preparation - Part I", "{D9D30FE6-330F-488D-8AB8-1BE10932D6C8}"
EndProject
Project("{FAE04EC0-301F-11D3-BF4B-00C04F79EFBC}") = "Bricks", "Bricks\Bricks.csproj", "{B301534B-FD83-471B-9E71-05E30C4BF2C7}"
EndProject
Project("{FAE04EC0-301F-11D3-BF4B-00C04F79EFBC}") = "Date After Five Days", "Date After Five Days\Date After Five Days.csproj", "{824AE635-1E98-421F-A368-242BA1A6FDFA}"
EndProject
Project("{FAE04EC0-301F-11D3-BF4B-00C04F79EFBC}") = "Increasing 4 Numbers", "Increasing 4 Numbers\Increasing 4 Numbers.csproj", "{25743DD1-509D-47E5-9F71-D1E0E0E4FCA1}"
EndProject
Project("{FAE04EC0-301F-11D3-BF4B-00C04F79EFBC}") = "Increasing Elements", "Increasing Elements\Increasing Elements.csproj", "{AA6B1C8A-6005-4CA7-AD4B-99CD9B1DFA33}"
EndProject
Project("{FAE04EC0-301F-11D3-BF4B-00C04F79EFBC}") = "Perfect Diamond", "Perfect Diamond\Perfect Diamond.csproj", "{13349B1F-0C93-41B7-B748-A2FD01F500CD}"
EndProject
Project("{FAE04EC0-301F-11D3-BF4B-00C04F79EFBC}") = "Point In Figure", "Point In Figure\Point In Figure.csproj", "{DA880B3B-3E38-4575-9AEC-B8853E976CCF}"
EndProject
Project("{FAE04EC0-301F-11D3-BF4B-00C04F79EFBC}") = "Point On Segment", "Point On Segment\Point On Segment.csproj", "{24F648FF-05CC-48E7-A270-93960511E3DA}"
EndProject
Project("{FAE04EC0-301F-11D3-BF4B-00C04F79EFBC}") = "Rectangle With Stars", "Rectangle With Stars\Rectangle With Stars.csproj", "{19D15405-7381-42E5-9CE3-D308C7DF4E69}"
EndProject
Project("{FAE04EC0-301F-11D3-BF4B-00C04F79EFBC}") = "Sum 3 Numbers", "Sum 3 Numbers\Sum 3 Numbers.csproj", "{834F197B-30BA-49C8-AC98-0C8E9DFE63A4}"
EndProject
Project("{FAE04EC0-301F-11D3-BF4B-00C04F79EFBC}") = "Sums Step 3", "Sums Step 3\Sums Step 3.csproj", "{291D5234-1C4B-45A9-8174-A137F7F7C61A}"
EndProject
Project("{FAE04EC0-301F-11D3-BF4B-00C04F79EFBC}") = "Triangle Coordinates", "Triangle Coordinates\Triangle Coordinates.csproj", "{60551D3D-B967-438C-9B3A-09E6A1995BA4}"
EndProject
Project("{2150E333-8FDC-42A3-9474-1A3956D46DE8}") = "8.2. Exam Preparation - Part II", "8.2. Exam Preparation - Part II", "{F82BCD72-7397-492B-B4DF-983463AB068D}"
EndProject
Project("{FAE04EC0-301F-11D3-BF4B-00C04F79EFBC}") = "Change Tiles", "Change Tiles\Change Tiles.csproj", "{9B759E9F-A471-4CA3-9299-0C4974F25B33}"
EndProject
Project("{FAE04EC0-301F-11D3-BF4B-00C04F79EFBC}") = "Christmas Hat", "Christmas Hat\Christmas Hat.csproj", "{F2F71EA8-08F8-4A2A-98C8-D046CE26EF7F}"
EndProject
Project("{FAE04EC0-301F-11D3-BF4B-00C04F79EFBC}") = "Distance", "Distance\Distance.csproj", "{0B670F5F-1249-44C1-AC41-F789064A1850}"
EndProject
Project("{FAE04EC0-301F-11D3-BF4B-00C04F79EFBC}") = "Flowers", "Flowers\Flowers.csproj", "{6B00B4CA-18B1-41D5-8D95-4AA367E41101}"
EndProject
Project("{FAE04EC0-301F-11D3-BF4B-00C04F79EFBC}") = "Grades", "Grades\Grades.csproj", "{85098CE5-C6C9-4723-8853-5F29E48A7F75}"
EndProject
Project("{FAE04EC0-301F-11D3-BF4B-00C04F79EFBC}") = "Letters Combinations", "Letters Combinations\Letters Combinations.csproj", "{A2D6366C-2152-452A-B304-E262F90D2421}"
EndProject
Project("{2150E333-8FDC-42A3-9474-1A3956D46DE8}") = "9.1. Problems for Champions - Part I", "9.1. Problems for Champions - Part I", "{25EC1D38-8C66-419F-8764-DB26E4A60D93}"
EndProject
Project("{FAE04EC0-301F-11D3-BF4B-00C04F79EFBC}") = "Crossing Sequences", "Crossing Sequences\Crossing Sequences.csproj", "{6FA10B37-2791-4EFB-81B1-36C0E6B38730}"
EndProject
Project("{FAE04EC0-301F-11D3-BF4B-00C04F79EFBC}") = "Crossing Sequences (Corrected)", "Crossing Sequences (Corrected)\Crossing Sequences (Corrected).csproj", "{0D190439-5231-4A7C-A7B4-EF537C067F87}"
EndProject
Project("{FAE04EC0-301F-11D3-BF4B-00C04F79EFBC}") = "Five Special Letters", "Five Special Letters\Five Special Letters.csproj", "{54449935-6433-4E7E-AEBE-7D62EB2BC513}"
EndProject
Project("{FAE04EC0-301F-11D3-BF4B-00C04F79EFBC}") = "Magic Dates", "Magic Dates\Magic Dates.csproj", "{8C3BAEEF-2DD2-485D-B982-2BDD26FF2A46}"
EndProject
Project("{FAE04EC0-301F-11D3-BF4B-00C04F79EFBC}") = "Magic Dates (Corrected)", "Magic Dates (Corrected)\Magic Dates (Corrected).csproj", "{ABE4A259-735E-46F1-A39D-56B744B6F135}"
EndProject
Project("{2150E333-8FDC-42A3-9474-1A3956D46DE8}") = "9.2. Problems for Champions - Part II", "9.2. Problems for Champions - Part II", "{64E6836A-1D1D-4F89-AB3A-FC5E44C15F8C}"
EndProject
Project("{FAE04EC0-301F-11D3-BF4B-00C04F79EFBC}") = "Bulls And Cows", "Bulls And Cows\Bulls And Cows.csproj", "{49D28506-27D6-4805-A8B8-EE64DCF24E18}"
EndProject
Project("{FAE04EC0-301F-11D3-BF4B-00C04F79EFBC}") = "Passion Days", "Passion Days\Passion Days.csproj", "{02802B5F-E081-4089-A0EE-16AD5C979425}"
EndProject
Project("{FAE04EC0-301F-11D3-BF4B-00C04F79EFBC}") = "Magic Helper", "Magic Helper\Magic Helper.csproj", "{3BF1DDA0-DF3E-47E3-A041-6BF184382971}"
EndProject
Project("{FAE04EC0-301F-11D3-BF4B-00C04F79EFBC}") = "X Expression", "X Expression\X Expression.csproj", "{E2B43D09-371A-4F18-8E93-4B528D61BDB1}"
EndProject
Project("{2150E333-8FDC-42A3-9474-1A3956D46DE8}") = "10. Methods", "10. Methods", "{24E42397-B1B8-412E-8CB2-FE701133F8D4}"
EndProject
Project("{FAE04EC0-301F-11D3-BF4B-00C04F79EFBC}") = "Notifications", "Notifications\Notifications.csproj", "{B11AD73B-EA5B-4A04-922D-D58E2E6F6EA9}"
EndProject
Project("{FAE04EC0-301F-11D3-BF4B-00C04F79EFBC}") = "Number To Words", "Number To Words\Number To Words.csproj", "{CB22A719-3367-4391-B6B1-22B34F8F918E}"
EndProject
Project("{FAE04EC0-301F-11D3-BF4B-00C04F79EFBC}") = "String Encryption", "String Encryption\String Encryption.csproj", "{2019AB50-CD45-41CF-AA39-919E908B9C21}"
EndProject
Global
	GlobalSection(SolutionConfigurationPlatforms) = preSolution
		Debug|Any CPU = Debug|Any CPU
		Release|Any CPU = Release|Any CPU
	EndGlobalSection
	GlobalSection(ProjectConfigurationPlatforms) = postSolution
		{1D253CE9-E868-47EF-881A-22DAD96B4D5F}.Debug|Any CPU.ActiveCfg = Debug|Any CPU
		{1D253CE9-E868-47EF-881A-22DAD96B4D5F}.Debug|Any CPU.Build.0 = Debug|Any CPU
		{1D253CE9-E868-47EF-881A-22DAD96B4D5F}.Release|Any CPU.ActiveCfg = Release|Any CPU
		{1D253CE9-E868-47EF-881A-22DAD96B4D5F}.Release|Any CPU.Build.0 = Release|Any CPU
		{2946742E-5064-4190-BC8F-148714D92695}.Debug|Any CPU.ActiveCfg = Debug|Any CPU
		{2946742E-5064-4190-BC8F-148714D92695}.Debug|Any CPU.Build.0 = Debug|Any CPU
		{2946742E-5064-4190-BC8F-148714D92695}.Release|Any CPU.ActiveCfg = Release|Any CPU
		{2946742E-5064-4190-BC8F-148714D92695}.Release|Any CPU.Build.0 = Release|Any CPU
		{AC1AC212-41E3-4892-89DA-35A8453AF0FB}.Debug|Any CPU.ActiveCfg = Debug|Any CPU
		{AC1AC212-41E3-4892-89DA-35A8453AF0FB}.Debug|Any CPU.Build.0 = Debug|Any CPU
		{AC1AC212-41E3-4892-89DA-35A8453AF0FB}.Release|Any CPU.ActiveCfg = Release|Any CPU
		{AC1AC212-41E3-4892-89DA-35A8453AF0FB}.Release|Any CPU.Build.0 = Release|Any CPU
		{FDA02CBF-CFCF-4031-B0E8-A2A9ED7358A1}.Debug|Any CPU.ActiveCfg = Debug|Any CPU
		{FDA02CBF-CFCF-4031-B0E8-A2A9ED7358A1}.Debug|Any CPU.Build.0 = Debug|Any CPU
		{FDA02CBF-CFCF-4031-B0E8-A2A9ED7358A1}.Release|Any CPU.ActiveCfg = Release|Any CPU
		{FDA02CBF-CFCF-4031-B0E8-A2A9ED7358A1}.Release|Any CPU.Build.0 = Release|Any CPU
		{E524F69D-51E3-41D0-917B-4AC09EF3AA38}.Debug|Any CPU.ActiveCfg = Debug|Any CPU
		{E524F69D-51E3-41D0-917B-4AC09EF3AA38}.Debug|Any CPU.Build.0 = Debug|Any CPU
		{E524F69D-51E3-41D0-917B-4AC09EF3AA38}.Release|Any CPU.ActiveCfg = Release|Any CPU
		{E524F69D-51E3-41D0-917B-4AC09EF3AA38}.Release|Any CPU.Build.0 = Release|Any CPU
		{18F56401-5FD6-4873-BDFA-391B1BC18494}.Debug|Any CPU.ActiveCfg = Debug|Any CPU
		{18F56401-5FD6-4873-BDFA-391B1BC18494}.Debug|Any CPU.Build.0 = Debug|Any CPU
		{18F56401-5FD6-4873-BDFA-391B1BC18494}.Release|Any CPU.ActiveCfg = Release|Any CPU
		{18F56401-5FD6-4873-BDFA-391B1BC18494}.Release|Any CPU.Build.0 = Release|Any CPU
		{ACD8F533-0536-4B6B-89AD-81F8B8195C29}.Debug|Any CPU.ActiveCfg = Debug|Any CPU
		{ACD8F533-0536-4B6B-89AD-81F8B8195C29}.Debug|Any CPU.Build.0 = Debug|Any CPU
		{ACD8F533-0536-4B6B-89AD-81F8B8195C29}.Release|Any CPU.ActiveCfg = Release|Any CPU
		{ACD8F533-0536-4B6B-89AD-81F8B8195C29}.Release|Any CPU.Build.0 = Release|Any CPU
		{522962B8-6EC6-4279-A54D-050C84AA2A8A}.Debug|Any CPU.ActiveCfg = Debug|Any CPU
		{522962B8-6EC6-4279-A54D-050C84AA2A8A}.Debug|Any CPU.Build.0 = Debug|Any CPU
		{522962B8-6EC6-4279-A54D-050C84AA2A8A}.Release|Any CPU.ActiveCfg = Release|Any CPU
		{522962B8-6EC6-4279-A54D-050C84AA2A8A}.Release|Any CPU.Build.0 = Release|Any CPU
		{AF3B8788-CEAF-4CD3-ACE4-0762A8ADA043}.Debug|Any CPU.ActiveCfg = Debug|Any CPU
		{AF3B8788-CEAF-4CD3-ACE4-0762A8ADA043}.Debug|Any CPU.Build.0 = Debug|Any CPU
		{AF3B8788-CEAF-4CD3-ACE4-0762A8ADA043}.Release|Any CPU.ActiveCfg = Release|Any CPU
		{AF3B8788-CEAF-4CD3-ACE4-0762A8ADA043}.Release|Any CPU.Build.0 = Release|Any CPU
		{EF0BF978-B015-49A3-A308-A724BC077018}.Debug|Any CPU.ActiveCfg = Debug|Any CPU
		{EF0BF978-B015-49A3-A308-A724BC077018}.Debug|Any CPU.Build.0 = Debug|Any CPU
		{EF0BF978-B015-49A3-A308-A724BC077018}.Release|Any CPU.ActiveCfg = Release|Any CPU
		{EF0BF978-B015-49A3-A308-A724BC077018}.Release|Any CPU.Build.0 = Release|Any CPU
		{861815F1-B431-43C6-96BB-4AB4CF93A64E}.Debug|Any CPU.ActiveCfg = Debug|Any CPU
		{861815F1-B431-43C6-96BB-4AB4CF93A64E}.Debug|Any CPU.Build.0 = Debug|Any CPU
		{861815F1-B431-43C6-96BB-4AB4CF93A64E}.Release|Any CPU.ActiveCfg = Release|Any CPU
		{861815F1-B431-43C6-96BB-4AB4CF93A64E}.Release|Any CPU.Build.0 = Release|Any CPU
		{E0C4D70F-1977-4C77-AC05-5C4ADA6227A5}.Debug|Any CPU.ActiveCfg = Debug|Any CPU
		{E0C4D70F-1977-4C77-AC05-5C4ADA6227A5}.Debug|Any CPU.Build.0 = Debug|Any CPU
		{E0C4D70F-1977-4C77-AC05-5C4ADA6227A5}.Release|Any CPU.ActiveCfg = Release|Any CPU
		{E0C4D70F-1977-4C77-AC05-5C4ADA6227A5}.Release|Any CPU.Build.0 = Release|Any CPU
		{3A7D7A71-1FC1-4E93-95C1-F2CE9AE2269A}.Debug|Any CPU.ActiveCfg = Debug|Any CPU
		{3A7D7A71-1FC1-4E93-95C1-F2CE9AE2269A}.Debug|Any CPU.Build.0 = Debug|Any CPU
		{3A7D7A71-1FC1-4E93-95C1-F2CE9AE2269A}.Release|Any CPU.ActiveCfg = Release|Any CPU
		{3A7D7A71-1FC1-4E93-95C1-F2CE9AE2269A}.Release|Any CPU.Build.0 = Release|Any CPU
		{B301534B-FD83-471B-9E71-05E30C4BF2C7}.Debug|Any CPU.ActiveCfg = Debug|Any CPU
		{B301534B-FD83-471B-9E71-05E30C4BF2C7}.Debug|Any CPU.Build.0 = Debug|Any CPU
		{B301534B-FD83-471B-9E71-05E30C4BF2C7}.Release|Any CPU.ActiveCfg = Release|Any CPU
		{B301534B-FD83-471B-9E71-05E30C4BF2C7}.Release|Any CPU.Build.0 = Release|Any CPU
		{824AE635-1E98-421F-A368-242BA1A6FDFA}.Debug|Any CPU.ActiveCfg = Debug|Any CPU
		{824AE635-1E98-421F-A368-242BA1A6FDFA}.Debug|Any CPU.Build.0 = Debug|Any CPU
		{824AE635-1E98-421F-A368-242BA1A6FDFA}.Release|Any CPU.ActiveCfg = Release|Any CPU
		{824AE635-1E98-421F-A368-242BA1A6FDFA}.Release|Any CPU.Build.0 = Release|Any CPU
		{25743DD1-509D-47E5-9F71-D1E0E0E4FCA1}.Debug|Any CPU.ActiveCfg = Debug|Any CPU
		{25743DD1-509D-47E5-9F71-D1E0E0E4FCA1}.Debug|Any CPU.Build.0 = Debug|Any CPU
		{25743DD1-509D-47E5-9F71-D1E0E0E4FCA1}.Release|Any CPU.ActiveCfg = Release|Any CPU
		{25743DD1-509D-47E5-9F71-D1E0E0E4FCA1}.Release|Any CPU.Build.0 = Release|Any CPU
		{AA6B1C8A-6005-4CA7-AD4B-99CD9B1DFA33}.Debug|Any CPU.ActiveCfg = Debug|Any CPU
		{AA6B1C8A-6005-4CA7-AD4B-99CD9B1DFA33}.Debug|Any CPU.Build.0 = Debug|Any CPU
		{AA6B1C8A-6005-4CA7-AD4B-99CD9B1DFA33}.Release|Any CPU.ActiveCfg = Release|Any CPU
		{AA6B1C8A-6005-4CA7-AD4B-99CD9B1DFA33}.Release|Any CPU.Build.0 = Release|Any CPU
		{13349B1F-0C93-41B7-B748-A2FD01F500CD}.Debug|Any CPU.ActiveCfg = Debug|Any CPU
		{13349B1F-0C93-41B7-B748-A2FD01F500CD}.Debug|Any CPU.Build.0 = Debug|Any CPU
		{13349B1F-0C93-41B7-B748-A2FD01F500CD}.Release|Any CPU.ActiveCfg = Release|Any CPU
		{13349B1F-0C93-41B7-B748-A2FD01F500CD}.Release|Any CPU.Build.0 = Release|Any CPU
		{DA880B3B-3E38-4575-9AEC-B8853E976CCF}.Debug|Any CPU.ActiveCfg = Debug|Any CPU
		{DA880B3B-3E38-4575-9AEC-B8853E976CCF}.Debug|Any CPU.Build.0 = Debug|Any CPU
		{DA880B3B-3E38-4575-9AEC-B8853E976CCF}.Release|Any CPU.ActiveCfg = Release|Any CPU
		{DA880B3B-3E38-4575-9AEC-B8853E976CCF}.Release|Any CPU.Build.0 = Release|Any CPU
		{24F648FF-05CC-48E7-A270-93960511E3DA}.Debug|Any CPU.ActiveCfg = Debug|Any CPU
		{24F648FF-05CC-48E7-A270-93960511E3DA}.Debug|Any CPU.Build.0 = Debug|Any CPU
		{24F648FF-05CC-48E7-A270-93960511E3DA}.Release|Any CPU.ActiveCfg = Release|Any CPU
		{24F648FF-05CC-48E7-A270-93960511E3DA}.Release|Any CPU.Build.0 = Release|Any CPU
		{19D15405-7381-42E5-9CE3-D308C7DF4E69}.Debug|Any CPU.ActiveCfg = Debug|Any CPU
		{19D15405-7381-42E5-9CE3-D308C7DF4E69}.Debug|Any CPU.Build.0 = Debug|Any CPU
		{19D15405-7381-42E5-9CE3-D308C7DF4E69}.Release|Any CPU.ActiveCfg = Release|Any CPU
		{19D15405-7381-42E5-9CE3-D308C7DF4E69}.Release|Any CPU.Build.0 = Release|Any CPU
		{834F197B-30BA-49C8-AC98-0C8E9DFE63A4}.Debug|Any CPU.ActiveCfg = Debug|Any CPU
		{834F197B-30BA-49C8-AC98-0C8E9DFE63A4}.Debug|Any CPU.Build.0 = Debug|Any CPU
		{834F197B-30BA-49C8-AC98-0C8E9DFE63A4}.Release|Any CPU.ActiveCfg = Release|Any CPU
		{834F197B-30BA-49C8-AC98-0C8E9DFE63A4}.Release|Any CPU.Build.0 = Release|Any CPU
		{291D5234-1C4B-45A9-8174-A137F7F7C61A}.Debug|Any CPU.ActiveCfg = Debug|Any CPU
		{291D5234-1C4B-45A9-8174-A137F7F7C61A}.Debug|Any CPU.Build.0 = Debug|Any CPU
		{291D5234-1C4B-45A9-8174-A137F7F7C61A}.Release|Any CPU.ActiveCfg = Release|Any CPU
		{291D5234-1C4B-45A9-8174-A137F7F7C61A}.Release|Any CPU.Build.0 = Release|Any CPU
		{60551D3D-B967-438C-9B3A-09E6A1995BA4}.Debug|Any CPU.ActiveCfg = Debug|Any CPU
		{60551D3D-B967-438C-9B3A-09E6A1995BA4}.Debug|Any CPU.Build.0 = Debug|Any CPU
		{60551D3D-B967-438C-9B3A-09E6A1995BA4}.Release|Any CPU.ActiveCfg = Release|Any CPU
		{60551D3D-B967-438C-9B3A-09E6A1995BA4}.Release|Any CPU.Build.0 = Release|Any CPU
		{9B759E9F-A471-4CA3-9299-0C4974F25B33}.Debug|Any CPU.ActiveCfg = Debug|Any CPU
		{9B759E9F-A471-4CA3-9299-0C4974F25B33}.Debug|Any CPU.Build.0 = Debug|Any CPU
		{9B759E9F-A471-4CA3-9299-0C4974F25B33}.Release|Any CPU.ActiveCfg = Release|Any CPU
		{9B759E9F-A471-4CA3-9299-0C4974F25B33}.Release|Any CPU.Build.0 = Release|Any CPU
		{F2F71EA8-08F8-4A2A-98C8-D046CE26EF7F}.Debug|Any CPU.ActiveCfg = Debug|Any CPU
		{F2F71EA8-08F8-4A2A-98C8-D046CE26EF7F}.Debug|Any CPU.Build.0 = Debug|Any CPU
		{F2F71EA8-08F8-4A2A-98C8-D046CE26EF7F}.Release|Any CPU.ActiveCfg = Release|Any CPU
		{F2F71EA8-08F8-4A2A-98C8-D046CE26EF7F}.Release|Any CPU.Build.0 = Release|Any CPU
		{0B670F5F-1249-44C1-AC41-F789064A1850}.Debug|Any CPU.ActiveCfg = Debug|Any CPU
		{0B670F5F-1249-44C1-AC41-F789064A1850}.Debug|Any CPU.Build.0 = Debug|Any CPU
		{0B670F5F-1249-44C1-AC41-F789064A1850}.Release|Any CPU.ActiveCfg = Release|Any CPU
		{0B670F5F-1249-44C1-AC41-F789064A1850}.Release|Any CPU.Build.0 = Release|Any CPU
		{6B00B4CA-18B1-41D5-8D95-4AA367E41101}.Debug|Any CPU.ActiveCfg = Debug|Any CPU
		{6B00B4CA-18B1-41D5-8D95-4AA367E41101}.Debug|Any CPU.Build.0 = Debug|Any CPU
		{6B00B4CA-18B1-41D5-8D95-4AA367E41101}.Release|Any CPU.ActiveCfg = Release|Any CPU
		{6B00B4CA-18B1-41D5-8D95-4AA367E41101}.Release|Any CPU.Build.0 = Release|Any CPU
		{85098CE5-C6C9-4723-8853-5F29E48A7F75}.Debug|Any CPU.ActiveCfg = Debug|Any CPU
		{85098CE5-C6C9-4723-8853-5F29E48A7F75}.Debug|Any CPU.Build.0 = Debug|Any CPU
		{85098CE5-C6C9-4723-8853-5F29E48A7F75}.Release|Any CPU.ActiveCfg = Release|Any CPU
		{85098CE5-C6C9-4723-8853-5F29E48A7F75}.Release|Any CPU.Build.0 = Release|Any CPU
		{A2D6366C-2152-452A-B304-E262F90D2421}.Debug|Any CPU.ActiveCfg = Debug|Any CPU
		{A2D6366C-2152-452A-B304-E262F90D2421}.Debug|Any CPU.Build.0 = Debug|Any CPU
		{A2D6366C-2152-452A-B304-E262F90D2421}.Release|Any CPU.ActiveCfg = Release|Any CPU
		{A2D6366C-2152-452A-B304-E262F90D2421}.Release|Any CPU.Build.0 = Release|Any CPU
		{6FA10B37-2791-4EFB-81B1-36C0E6B38730}.Debug|Any CPU.ActiveCfg = Debug|Any CPU
		{6FA10B37-2791-4EFB-81B1-36C0E6B38730}.Debug|Any CPU.Build.0 = Debug|Any CPU
		{6FA10B37-2791-4EFB-81B1-36C0E6B38730}.Release|Any CPU.ActiveCfg = Release|Any CPU
		{6FA10B37-2791-4EFB-81B1-36C0E6B38730}.Release|Any CPU.Build.0 = Release|Any CPU
		{0D190439-5231-4A7C-A7B4-EF537C067F87}.Debug|Any CPU.ActiveCfg = Debug|Any CPU
		{0D190439-5231-4A7C-A7B4-EF537C067F87}.Debug|Any CPU.Build.0 = Debug|Any CPU
		{0D190439-5231-4A7C-A7B4-EF537C067F87}.Release|Any CPU.ActiveCfg = Release|Any CPU
		{0D190439-5231-4A7C-A7B4-EF537C067F87}.Release|Any CPU.Build.0 = Release|Any CPU
		{54449935-6433-4E7E-AEBE-7D62EB2BC513}.Debug|Any CPU.ActiveCfg = Debug|Any CPU
		{54449935-6433-4E7E-AEBE-7D62EB2BC513}.Debug|Any CPU.Build.0 = Debug|Any CPU
		{54449935-6433-4E7E-AEBE-7D62EB2BC513}.Release|Any CPU.ActiveCfg = Release|Any CPU
		{54449935-6433-4E7E-AEBE-7D62EB2BC513}.Release|Any CPU.Build.0 = Release|Any CPU
		{8C3BAEEF-2DD2-485D-B982-2BDD26FF2A46}.Debug|Any CPU.ActiveCfg = Debug|Any CPU
		{8C3BAEEF-2DD2-485D-B982-2BDD26FF2A46}.Debug|Any CPU.Build.0 = Debug|Any CPU
		{8C3BAEEF-2DD2-485D-B982-2BDD26FF2A46}.Release|Any CPU.ActiveCfg = Release|Any CPU
		{8C3BAEEF-2DD2-485D-B982-2BDD26FF2A46}.Release|Any CPU.Build.0 = Release|Any CPU
		{ABE4A259-735E-46F1-A39D-56B744B6F135}.Debug|Any CPU.ActiveCfg = Debug|Any CPU
		{ABE4A259-735E-46F1-A39D-56B744B6F135}.Debug|Any CPU.Build.0 = Debug|Any CPU
		{ABE4A259-735E-46F1-A39D-56B744B6F135}.Release|Any CPU.ActiveCfg = Release|Any CPU
		{ABE4A259-735E-46F1-A39D-56B744B6F135}.Release|Any CPU.Build.0 = Release|Any CPU
		{49D28506-27D6-4805-A8B8-EE64DCF24E18}.Debug|Any CPU.ActiveCfg = Debug|Any CPU
		{49D28506-27D6-4805-A8B8-EE64DCF24E18}.Debug|Any CPU.Build.0 = Debug|Any CPU
		{49D28506-27D6-4805-A8B8-EE64DCF24E18}.Release|Any CPU.ActiveCfg = Release|Any CPU
		{49D28506-27D6-4805-A8B8-EE64DCF24E18}.Release|Any CPU.Build.0 = Release|Any CPU
		{02802B5F-E081-4089-A0EE-16AD5C979425}.Debug|Any CPU.ActiveCfg = Debug|Any CPU
		{02802B5F-E081-4089-A0EE-16AD5C979425}.Debug|Any CPU.Build.0 = Debug|Any CPU
		{02802B5F-E081-4089-A0EE-16AD5C979425}.Release|Any CPU.ActiveCfg = Release|Any CPU
		{02802B5F-E081-4089-A0EE-16AD5C979425}.Release|Any CPU.Build.0 = Release|Any CPU
		{3BF1DDA0-DF3E-47E3-A041-6BF184382971}.Debug|Any CPU.ActiveCfg = Debug|Any CPU
		{3BF1DDA0-DF3E-47E3-A041-6BF184382971}.Debug|Any CPU.Build.0 = Debug|Any CPU
		{3BF1DDA0-DF3E-47E3-A041-6BF184382971}.Release|Any CPU.ActiveCfg = Release|Any CPU
		{3BF1DDA0-DF3E-47E3-A041-6BF184382971}.Release|Any CPU.Build.0 = Release|Any CPU
		{E2B43D09-371A-4F18-8E93-4B528D61BDB1}.Debug|Any CPU.ActiveCfg = Debug|Any CPU
		{E2B43D09-371A-4F18-8E93-4B528D61BDB1}.Debug|Any CPU.Build.0 = Debug|Any CPU
		{E2B43D09-371A-4F18-8E93-4B528D61BDB1}.Release|Any CPU.ActiveCfg = Release|Any CPU
		{E2B43D09-371A-4F18-8E93-4B528D61BDB1}.Release|Any CPU.Build.0 = Release|Any CPU
		{B11AD73B-EA5B-4A04-922D-D58E2E6F6EA9}.Debug|Any CPU.ActiveCfg = Debug|Any CPU
		{B11AD73B-EA5B-4A04-922D-D58E2E6F6EA9}.Debug|Any CPU.Build.0 = Debug|Any CPU
		{B11AD73B-EA5B-4A04-922D-D58E2E6F6EA9}.Release|Any CPU.ActiveCfg = Release|Any CPU
		{B11AD73B-EA5B-4A04-922D-D58E2E6F6EA9}.Release|Any CPU.Build.0 = Release|Any CPU
		{CB22A719-3367-4391-B6B1-22B34F8F918E}.Debug|Any CPU.ActiveCfg = Debug|Any CPU
		{CB22A719-3367-4391-B6B1-22B34F8F918E}.Debug|Any CPU.Build.0 = Debug|Any CPU
		{CB22A719-3367-4391-B6B1-22B34F8F918E}.Release|Any CPU.ActiveCfg = Release|Any CPU
		{CB22A719-3367-4391-B6B1-22B34F8F918E}.Release|Any CPU.Build.0 = Release|Any CPU
		{2019AB50-CD45-41CF-AA39-919E908B9C21}.Debug|Any CPU.ActiveCfg = Debug|Any CPU
		{2019AB50-CD45-41CF-AA39-919E908B9C21}.Debug|Any CPU.Build.0 = Debug|Any CPU
		{2019AB50-CD45-41CF-AA39-919E908B9C21}.Release|Any CPU.ActiveCfg = Release|Any CPU
		{2019AB50-CD45-41CF-AA39-919E908B9C21}.Release|Any CPU.Build.0 = Release|Any CPU
	EndGlobalSection
	GlobalSection(SolutionProperties) = preSolution
		HideSolutionNode = FALSE
	EndGlobalSection
	GlobalSection(NestedProjects) = preSolution
		{1D253CE9-E868-47EF-881A-22DAD96B4D5F} = {217DF12C-D2C7-45C5-995B-3DCA97EF28EA}
		{2946742E-5064-4190-BC8F-148714D92695} = {217DF12C-D2C7-45C5-995B-3DCA97EF28EA}
		{AC1AC212-41E3-4892-89DA-35A8453AF0FB} = {AEE9632C-2705-4CEB-B23F-78D02634235E}
		{FDA02CBF-CFCF-4031-B0E8-A2A9ED7358A1} = {AEE9632C-2705-4CEB-B23F-78D02634235E}
		{E524F69D-51E3-41D0-917B-4AC09EF3AA38} = {AEE9632C-2705-4CEB-B23F-78D02634235E}
		{18F56401-5FD6-4873-BDFA-391B1BC18494} = {AEE9632C-2705-4CEB-B23F-78D02634235E}
		{ACD8F533-0536-4B6B-89AD-81F8B8195C29} = {AEE9632C-2705-4CEB-B23F-78D02634235E}
		{522962B8-6EC6-4279-A54D-050C84AA2A8A} = {AEE9632C-2705-4CEB-B23F-78D02634235E}
		{AF3B8788-CEAF-4CD3-ACE4-0762A8ADA043} = {A6FD3DDC-7299-4F15-9B2E-959228619AB6}
		{EF0BF978-B015-49A3-A308-A724BC077018} = {A6FD3DDC-7299-4F15-9B2E-959228619AB6}
		{861815F1-B431-43C6-96BB-4AB4CF93A64E} = {A6FD3DDC-7299-4F15-9B2E-959228619AB6}
		{E0C4D70F-1977-4C77-AC05-5C4ADA6227A5} = {E25AAF30-49CC-4BE0-9B57-853E2517F52E}
		{3A7D7A71-1FC1-4E93-95C1-F2CE9AE2269A} = {E25AAF30-49CC-4BE0-9B57-853E2517F52E}
		{B301534B-FD83-471B-9E71-05E30C4BF2C7} = {D9D30FE6-330F-488D-8AB8-1BE10932D6C8}
		{824AE635-1E98-421F-A368-242BA1A6FDFA} = {D9D30FE6-330F-488D-8AB8-1BE10932D6C8}
		{25743DD1-509D-47E5-9F71-D1E0E0E4FCA1} = {D9D30FE6-330F-488D-8AB8-1BE10932D6C8}
		{AA6B1C8A-6005-4CA7-AD4B-99CD9B1DFA33} = {D9D30FE6-330F-488D-8AB8-1BE10932D6C8}
		{13349B1F-0C93-41B7-B748-A2FD01F500CD} = {D9D30FE6-330F-488D-8AB8-1BE10932D6C8}
		{DA880B3B-3E38-4575-9AEC-B8853E976CCF} = {D9D30FE6-330F-488D-8AB8-1BE10932D6C8}
		{24F648FF-05CC-48E7-A270-93960511E3DA} = {D9D30FE6-330F-488D-8AB8-1BE10932D6C8}
		{19D15405-7381-42E5-9CE3-D308C7DF4E69} = {D9D30FE6-330F-488D-8AB8-1BE10932D6C8}
		{834F197B-30BA-49C8-AC98-0C8E9DFE63A4} = {D9D30FE6-330F-488D-8AB8-1BE10932D6C8}
		{291D5234-1C4B-45A9-8174-A137F7F7C61A} = {D9D30FE6-330F-488D-8AB8-1BE10932D6C8}
		{60551D3D-B967-438C-9B3A-09E6A1995BA4} = {D9D30FE6-330F-488D-8AB8-1BE10932D6C8}
		{9B759E9F-A471-4CA3-9299-0C4974F25B33} = {F82BCD72-7397-492B-B4DF-983463AB068D}
		{F2F71EA8-08F8-4A2A-98C8-D046CE26EF7F} = {F82BCD72-7397-492B-B4DF-983463AB068D}
		{0B670F5F-1249-44C1-AC41-F789064A1850} = {F82BCD72-7397-492B-B4DF-983463AB068D}
		{6B00B4CA-18B1-41D5-8D95-4AA367E41101} = {F82BCD72-7397-492B-B4DF-983463AB068D}
		{85098CE5-C6C9-4723-8853-5F29E48A7F75} = {F82BCD72-7397-492B-B4DF-983463AB068D}
		{A2D6366C-2152-452A-B304-E262F90D2421} = {F82BCD72-7397-492B-B4DF-983463AB068D}
		{6FA10B37-2791-4EFB-81B1-36C0E6B38730} = {25EC1D38-8C66-419F-8764-DB26E4A60D93}
		{0D190439-5231-4A7C-A7B4-EF537C067F87} = {25EC1D38-8C66-419F-8764-DB26E4A60D93}
		{54449935-6433-4E7E-AEBE-7D62EB2BC513} = {25EC1D38-8C66-419F-8764-DB26E4A60D93}
		{8C3BAEEF-2DD2-485D-B982-2BDD26FF2A46} = {25EC1D38-8C66-419F-8764-DB26E4A60D93}
		{ABE4A259-735E-46F1-A39D-56B744B6F135} = {25EC1D38-8C66-419F-8764-DB26E4A60D93}
		{49D28506-27D6-4805-A8B8-EE64DCF24E18} = {64E6836A-1D1D-4F89-AB3A-FC5E44C15F8C}
		{02802B5F-E081-4089-A0EE-16AD5C979425} = {64E6836A-1D1D-4F89-AB3A-FC5E44C15F8C}
		{3BF1DDA0-DF3E-47E3-A041-6BF184382971} = {64E6836A-1D1D-4F89-AB3A-FC5E44C15F8C}
		{E2B43D09-371A-4F18-8E93-4B528D61BDB1} = {64E6836A-1D1D-4F89-AB3A-FC5E44C15F8C}
		{B11AD73B-EA5B-4A04-922D-D58E2E6F6EA9} = {24E42397-B1B8-412E-8CB2-FE701133F8D4}
		{CB22A719-3367-4391-B6B1-22B34F8F918E} = {24E42397-B1B8-412E-8CB2-FE701133F8D4}
		{2019AB50-CD45-41CF-AA39-919E908B9C21} = {24E42397-B1B8-412E-8CB2-FE701133F8D4}
	EndGlobalSection
	GlobalSection(ExtensibilityGlobals) = postSolution
		SolutionGuid = {24EF38B8-B4D7-4C04-B458-7F786CEFA759}
	EndGlobalSection
EndGlobal
